
Microsoft Visual Studio Solution File, Format Version 12.00
# Visual Studio Version 16
VisualStudioVersion = 16.0.31702.278
MinimumVisualStudioVersion = 10.0.40219.1
Project("{2150E333-8FDC-42A3-9474-1A3956D46DE8}") = "0-Tests", "0-Tests", "{A5715828-FA46-4D5E-BA44-08BB17FF4304}"
EndProject
Project("{2150E333-8FDC-42A3-9474-1A3956D46DE8}") = "1-Presentation", "1-Presentation", "{1C337689-494D-46B8-B27D-5E8F745A10B2}"
EndProject
Project("{2150E333-8FDC-42A3-9474-1A3956D46DE8}") = "2-Service", "2-Service", "{961BCD80-B11A-4390-B2BE-AAA09ED65D83}"
EndProject
Project("{2150E333-8FDC-42A3-9474-1A3956D46DE8}") = "3-Domain", "3-Domain", "{0DF03F8D-4567-4CF1-9550-31EC45518D5A}"
EndProject
Project("{2150E333-8FDC-42A3-9474-1A3956D46DE8}") = "4-Data", "4-Data", "{1515CCEB-6EC2-4E7E-A63C-977A28A158A8}"
EndProject
Project("{9A19103F-16F7-4668-BE54-9A1E7A4F7556}") = "QueroBilhete.Domain", "QueroBilhete.Domain\QueroBilhete.Domain.csproj", "{948E6723-117D-4834-A7AC-7E31E9A54B1E}"
EndProject
Project("{9A19103F-16F7-4668-BE54-9A1E7A4F7556}") = "QueroBilhete.Desktop", "QueroBilhete.Desktop\QueroBilhete.Desktop.csproj", "{F02FC86B-0B1B-4292-9BD4-9B6E2878A167}"
EndProject
Project("{2150E333-8FDC-42A3-9474-1A3956D46DE8}") = "Solution Items", "Solution Items", "{D289B348-3406-49CC-AF4C-A291C4B6CFEF}"
	ProjectSection(SolutionItems) = preProject
		.editorconfig = .editorconfig
	EndProjectSection
EndProject
Global
	GlobalSection(SolutionConfigurationPlatforms) = preSolution
		Debug|Any CPU = Debug|Any CPU
		Release|Any CPU = Release|Any CPU
	EndGlobalSection
	GlobalSection(ProjectConfigurationPlatforms) = postSolution
		{948E6723-117D-4834-A7AC-7E31E9A54B1E}.Debug|Any CPU.ActiveCfg = Debug|Any CPU
		{948E6723-117D-4834-A7AC-7E31E9A54B1E}.Debug|Any CPU.Build.0 = Debug|Any CPU
		{948E6723-117D-4834-A7AC-7E31E9A54B1E}.Release|Any CPU.ActiveCfg = Release|Any CPU
		{948E6723-117D-4834-A7AC-7E31E9A54B1E}.Release|Any CPU.Build.0 = Release|Any CPU
		{F02FC86B-0B1B-4292-9BD4-9B6E2878A167}.Debug|Any CPU.ActiveCfg = Debug|Any CPU
		{F02FC86B-0B1B-4292-9BD4-9B6E2878A167}.Debug|Any CPU.Build.0 = Debug|Any CPU
		{F02FC86B-0B1B-4292-9BD4-9B6E2878A167}.Release|Any CPU.ActiveCfg = Release|Any CPU
		{F02FC86B-0B1B-4292-9BD4-9B6E2878A167}.Release|Any CPU.Build.0 = Release|Any CPU
	EndGlobalSection
	GlobalSection(SolutionProperties) = preSolution
		HideSolutionNode = FALSE
	EndGlobalSection
	GlobalSection(NestedProjects) = preSolution
		{948E6723-117D-4834-A7AC-7E31E9A54B1E} = {0DF03F8D-4567-4CF1-9550-31EC45518D5A}
		{F02FC86B-0B1B-4292-9BD4-9B6E2878A167} = {1C337689-494D-46B8-B27D-5E8F745A10B2}
	EndGlobalSection
	GlobalSection(ExtensibilityGlobals) = postSolution
		SolutionGuid = {BF8EBA15-CAEE-431B-98D2-45B56A923C4C}
	EndGlobalSection
EndGlobal
