
Microsoft Visual Studio Solution File, Format Version 12.00
# Visual Studio Version 16
VisualStudioVersion = 16.0.31702.278
MinimumVisualStudioVersion = 10.0.40219.1
Project("{2150E333-8FDC-42A3-9474-1A3956D46DE8}") = "0-Tests", "0-Tests", "{A5715828-FA46-4D5E-BA44-08BB17FF4304}"
EndProject
Project("{2150E333-8FDC-42A3-9474-1A3956D46DE8}") = "1-Presentation", "1-Presentation", "{1C337689-494D-46B8-B27D-5E8F745A10B2}"
EndProject
Project("{2150E333-8FDC-42A3-9474-1A3956D46DE8}") = "2-Service", "2-Service", "{961BCD80-B11A-4390-B2BE-AAA09ED65D83}"
EndProject
Project("{2150E333-8FDC-42A3-9474-1A3956D46DE8}") = "3-Domain", "3-Domain", "{0DF03F8D-4567-4CF1-9550-31EC45518D5A}"
EndProject
Project("{2150E333-8FDC-42A3-9474-1A3956D46DE8}") = "4-Infra", "4-Infra", "{1515CCEB-6EC2-4E7E-A63C-977A28A158A8}"
EndProject
Project("{9A19103F-16F7-4668-BE54-9A1E7A4F7556}") = "QueroBilhete.Desktop", "QueroBilhete.Desktop\QueroBilhete.Desktop.csproj", "{F02FC86B-0B1B-4292-9BD4-9B6E2878A167}"
EndProject
Project("{9A19103F-16F7-4668-BE54-9A1E7A4F7556}") = "QueroBolhete.Wpf", "QueroBolhete.Wpf\QueroBolhete.Wpf.csproj", "{47636B70-560D-44E9-8061-A2C44E0C085A}"
EndProject
Project("{9A19103F-16F7-4668-BE54-9A1E7A4F7556}") = "QueroBilhete.Infra.Data.Database", "QueroBilhete.Data.Database\QueroBilhete.Infra.Data.Database.csproj", "{18B80BA9-FC2D-4424-8B4F-2FA284A10DF3}"
EndProject
Project("{9A19103F-16F7-4668-BE54-9A1E7A4F7556}") = "QueroBilhete.Infra.Data", "QueroBilhete.Data\QueroBilhete.Infra.Data.csproj", "{B4C13F09-3EEF-4786-9AB3-1DEA13D02941}"
EndProject
Project("{9A19103F-16F7-4668-BE54-9A1E7A4F7556}") = "QueroBilhete.Domain", "QueroBilhete.Domain\QueroBilhete.Domain.csproj", "{9BE7D239-B01F-4A19-8E30-E8146CD6C24B}"
EndProject
Project("{FAE04EC0-301F-11D3-BF4B-00C04F79EFBC}") = "QueroBilhete.Service", "QueroBilhete.Service\QueroBilhete.Service.csproj", "{56CC4B17-65C0-440E-997A-1E7251469095}"
EndProject
Project("{2150E333-8FDC-42A3-9474-1A3956D46DE8}") = "4.1-Data", "4.1-Data", "{91E08A9D-07B1-420F-8531-75D5A075FD29}"
EndProject
Project("{2150E333-8FDC-42A3-9474-1A3956D46DE8}") = "4.2-CrossCutting", "4.2-CrossCutting", "{9674964B-78EE-4B37-9879-CA26E673D107}"
EndProject
Project("{2150E333-8FDC-42A3-9474-1A3956D46DE8}") = "4.3-Utilities", "4.3-Utilities", "{71CDA180-7C0C-4C1D-A456-03EE07E71E29}"
EndProject
Project("{FAE04EC0-301F-11D3-BF4B-00C04F79EFBC}") = "QueroBilhete.Infra.Utilities", "QueroBilhete.Infra.Utilities\QueroBilhete.Infra.Utilities.csproj", "{0D8581AA-8292-4212-80D4-17EF4CE8C680}"
EndProject
Project("{FAE04EC0-301F-11D3-BF4B-00C04F79EFBC}") = "QueroBilhete.Infra.CrossCutting", "QueroBilhete.Infra.CrossCutting\QueroBilhete.Infra.CrossCutting.csproj", "{B2841EBC-AEE3-4FF1-A495-DD14E426B69A}"
EndProject
Global
	GlobalSection(SolutionConfigurationPlatforms) = preSolution
		Debug|Any CPU = Debug|Any CPU
		Release|Any CPU = Release|Any CPU
	EndGlobalSection
	GlobalSection(ProjectConfigurationPlatforms) = postSolution
		{F02FC86B-0B1B-4292-9BD4-9B6E2878A167}.Debug|Any CPU.ActiveCfg = Debug|Any CPU
		{F02FC86B-0B1B-4292-9BD4-9B6E2878A167}.Debug|Any CPU.Build.0 = Debug|Any CPU
		{F02FC86B-0B1B-4292-9BD4-9B6E2878A167}.Release|Any CPU.ActiveCfg = Release|Any CPU
		{F02FC86B-0B1B-4292-9BD4-9B6E2878A167}.Release|Any CPU.Build.0 = Release|Any CPU
		{47636B70-560D-44E9-8061-A2C44E0C085A}.Debug|Any CPU.ActiveCfg = Debug|Any CPU
		{47636B70-560D-44E9-8061-A2C44E0C085A}.Debug|Any CPU.Build.0 = Debug|Any CPU
		{47636B70-560D-44E9-8061-A2C44E0C085A}.Release|Any CPU.ActiveCfg = Release|Any CPU
		{47636B70-560D-44E9-8061-A2C44E0C085A}.Release|Any CPU.Build.0 = Release|Any CPU
		{18B80BA9-FC2D-4424-8B4F-2FA284A10DF3}.Debug|Any CPU.ActiveCfg = Debug|Any CPU
		{18B80BA9-FC2D-4424-8B4F-2FA284A10DF3}.Debug|Any CPU.Build.0 = Debug|Any CPU
		{18B80BA9-FC2D-4424-8B4F-2FA284A10DF3}.Release|Any CPU.ActiveCfg = Release|Any CPU
		{18B80BA9-FC2D-4424-8B4F-2FA284A10DF3}.Release|Any CPU.Build.0 = Release|Any CPU
		{B4C13F09-3EEF-4786-9AB3-1DEA13D02941}.Debug|Any CPU.ActiveCfg = Debug|Any CPU
		{B4C13F09-3EEF-4786-9AB3-1DEA13D02941}.Debug|Any CPU.Build.0 = Debug|Any CPU
		{B4C13F09-3EEF-4786-9AB3-1DEA13D02941}.Release|Any CPU.ActiveCfg = Release|Any CPU
		{B4C13F09-3EEF-4786-9AB3-1DEA13D02941}.Release|Any CPU.Build.0 = Release|Any CPU
		{9BE7D239-B01F-4A19-8E30-E8146CD6C24B}.Debug|Any CPU.ActiveCfg = Debug|Any CPU
		{9BE7D239-B01F-4A19-8E30-E8146CD6C24B}.Debug|Any CPU.Build.0 = Debug|Any CPU
		{9BE7D239-B01F-4A19-8E30-E8146CD6C24B}.Release|Any CPU.ActiveCfg = Release|Any CPU
		{9BE7D239-B01F-4A19-8E30-E8146CD6C24B}.Release|Any CPU.Build.0 = Release|Any CPU
		{56CC4B17-65C0-440E-997A-1E7251469095}.Debug|Any CPU.ActiveCfg = Debug|Any CPU
		{56CC4B17-65C0-440E-997A-1E7251469095}.Debug|Any CPU.Build.0 = Debug|Any CPU
		{56CC4B17-65C0-440E-997A-1E7251469095}.Release|Any CPU.ActiveCfg = Release|Any CPU
		{56CC4B17-65C0-440E-997A-1E7251469095}.Release|Any CPU.Build.0 = Release|Any CPU
		{0D8581AA-8292-4212-80D4-17EF4CE8C680}.Debug|Any CPU.ActiveCfg = Debug|Any CPU
		{0D8581AA-8292-4212-80D4-17EF4CE8C680}.Debug|Any CPU.Build.0 = Debug|Any CPU
		{0D8581AA-8292-4212-80D4-17EF4CE8C680}.Release|Any CPU.ActiveCfg = Release|Any CPU
		{0D8581AA-8292-4212-80D4-17EF4CE8C680}.Release|Any CPU.Build.0 = Release|Any CPU
		{B2841EBC-AEE3-4FF1-A495-DD14E426B69A}.Debug|Any CPU.ActiveCfg = Debug|Any CPU
		{B2841EBC-AEE3-4FF1-A495-DD14E426B69A}.Debug|Any CPU.Build.0 = Debug|Any CPU
		{B2841EBC-AEE3-4FF1-A495-DD14E426B69A}.Release|Any CPU.ActiveCfg = Release|Any CPU
		{B2841EBC-AEE3-4FF1-A495-DD14E426B69A}.Release|Any CPU.Build.0 = Release|Any CPU
	EndGlobalSection
	GlobalSection(SolutionProperties) = preSolution
		HideSolutionNode = FALSE
	EndGlobalSection
	GlobalSection(NestedProjects) = preSolution
		{F02FC86B-0B1B-4292-9BD4-9B6E2878A167} = {1C337689-494D-46B8-B27D-5E8F745A10B2}
		{47636B70-560D-44E9-8061-A2C44E0C085A} = {1C337689-494D-46B8-B27D-5E8F745A10B2}
		{18B80BA9-FC2D-4424-8B4F-2FA284A10DF3} = {91E08A9D-07B1-420F-8531-75D5A075FD29}
		{B4C13F09-3EEF-4786-9AB3-1DEA13D02941} = {91E08A9D-07B1-420F-8531-75D5A075FD29}
		{9BE7D239-B01F-4A19-8E30-E8146CD6C24B} = {0DF03F8D-4567-4CF1-9550-31EC45518D5A}
		{56CC4B17-65C0-440E-997A-1E7251469095} = {961BCD80-B11A-4390-B2BE-AAA09ED65D83}
		{91E08A9D-07B1-420F-8531-75D5A075FD29} = {1515CCEB-6EC2-4E7E-A63C-977A28A158A8}
		{9674964B-78EE-4B37-9879-CA26E673D107} = {1515CCEB-6EC2-4E7E-A63C-977A28A158A8}
		{71CDA180-7C0C-4C1D-A456-03EE07E71E29} = {1515CCEB-6EC2-4E7E-A63C-977A28A158A8}
		{0D8581AA-8292-4212-80D4-17EF4CE8C680} = {71CDA180-7C0C-4C1D-A456-03EE07E71E29}
		{B2841EBC-AEE3-4FF1-A495-DD14E426B69A} = {9674964B-78EE-4B37-9879-CA26E673D107}
	EndGlobalSection
	GlobalSection(ExtensibilityGlobals) = postSolution
		SolutionGuid = {BF8EBA15-CAEE-431B-98D2-45B56A923C4C}
	EndGlobalSection
EndGlobal
